{
  "projects": [
    {
      "projectId": "ivhpgazgw15hPKwKsPQEWr",
      "version": "latest",
      "dependencies": {},
      "lang": "js",
      "fileLocks": [
        {
          "type": "globalVariant",
          "assetId": "l0oWrOYYJs4HG",
          "checksum": "2828bc5d4ca76ccfc8dfb85eedb28c84"
        },
        {
          "assetId": "ivhpgazgw15hPKwKsPQEWr",
          "type": "projectCss",
          "checksum": "519b64bd894f2ac15576ac5166aa8173"
        },
        {
          "type": "renderModule",
          "assetId": "WRO27CV0Sj4U",
          "checksum": "deb8d7c211eb064f6f5e29e5646de452"
        },
        {
          "type": "cssRules",
          "assetId": "WRO27CV0Sj4U",
          "checksum": "deb8d7c211eb064f6f5e29e5646de452"
        },
        {
          "type": "renderModule",
          "assetId": "3ykejTCEZN",
          "checksum": "e308257916c913527b246149658a316e"
        },
        {
          "type": "cssRules",
          "assetId": "3ykejTCEZN",
          "checksum": "e308257916c913527b246149658a316e"
        },
        {
          "type": "renderModule",
          "assetId": "H5-tROgca9",
          "checksum": "2f192e1d7061ca244001f9d27fcf216d"
        },
        {
          "type": "cssRules",
          "assetId": "H5-tROgca9",
          "checksum": "2f192e1d7061ca244001f9d27fcf216d"
        },
        {
          "type": "renderModule",
          "assetId": "UvGmpU-W8G",
          "checksum": "c63f261dcca11ceec2d64ae479e5c763"
        },
        {
          "type": "cssRules",
          "assetId": "UvGmpU-W8G",
          "checksum": "c63f261dcca11ceec2d64ae479e5c763"
        },
        {
          "type": "renderModule",
          "assetId": "ewY5BH5W9Z",
          "checksum": "07f6d1681c1513fa973a6f9a0dae769c"
        },
        {
          "type": "cssRules",
          "assetId": "ewY5BH5W9Z",
          "checksum": "07f6d1681c1513fa973a6f9a0dae769c"
        },
        {
          "type": "renderModule",
          "assetId": "UmjHCA6DKu",
          "checksum": "419f8e8920eeb6bcf5f048108e60eb3f"
        },
        {
          "type": "cssRules",
          "assetId": "UmjHCA6DKu",
          "checksum": "419f8e8920eeb6bcf5f048108e60eb3f"
        },
        {
          "type": "renderModule",
          "assetId": "TP55cfiVbF",
          "checksum": "3dc528caa27f0e52f4f7cda65598d6fb"
        },
        {
          "type": "cssRules",
          "assetId": "TP55cfiVbF",
          "checksum": "3dc528caa27f0e52f4f7cda65598d6fb"
        },
        {
          "type": "renderModule",
          "assetId": "YADTV8KXzL",
          "checksum": "128193ab1c96f510435ec09a2acfb6e5"
        },
        {
          "type": "cssRules",
          "assetId": "YADTV8KXzL",
          "checksum": "128193ab1c96f510435ec09a2acfb6e5"
        },
        {
          "type": "renderModule",
          "assetId": "a2LT-E_ilh",
          "checksum": "d4d04e0ce3ee94245899940565b41b53"
        },
        {
          "type": "cssRules",
          "assetId": "a2LT-E_ilh",
          "checksum": "d4d04e0ce3ee94245899940565b41b53"
        },
        {
          "type": "renderModule",
          "assetId": "U76_uR0os0",
          "checksum": "c5681a5c8e528ce7ddee378c953dd0bc"
        },
        {
          "type": "cssRules",
          "assetId": "U76_uR0os0",
          "checksum": "c5681a5c8e528ce7ddee378c953dd0bc"
        },
        {
          "type": "renderModule",
          "assetId": "4QRCWYpie3",
          "checksum": "258ca19825baa6098cd78d8052d6c05b"
        },
        {
          "type": "cssRules",
          "assetId": "4QRCWYpie3",
          "checksum": "258ca19825baa6098cd78d8052d6c05b"
        },
        {
          "type": "renderModule",
          "assetId": "Z9zrKSWikx",
          "checksum": "ff07f66f4e9b39c0dfa7e32a1522af0e"
        },
        {
          "type": "cssRules",
          "assetId": "Z9zrKSWikx",
          "checksum": "ff07f66f4e9b39c0dfa7e32a1522af0e"
        },
        {
          "type": "icon",
          "assetId": "dd_eaW0X0s",
          "checksum": "8d054a1ed94932812d10e5e310a88af4"
        },
        {
          "type": "icon",
          "assetId": "30NfKzi4H_",
          "checksum": "90df97ecd9f82d4d6f05fe403a35fb82"
        },
        {
          "type": "icon",
          "assetId": "Wf55B7KAcY",
          "checksum": "452da10b3f117085e379a5eea1d5e629"
        },
        {
          "type": "icon",
          "assetId": "WhdZmty-yz",
          "checksum": "2126dc821d246f6c69133deb9564ff98"
        },
        {
          "type": "icon",
          "assetId": "mhDhYsT-Sx",
          "checksum": "71508a58970d6d9243c2fbda4d689f5a"
        },
        {
          "type": "icon",
          "assetId": "SM8kv9wd81",
          "checksum": "fb0ba991efb74d6b10d7277c3edd059b"
        },
        {
          "type": "icon",
          "assetId": "ePB2tCQ5uW",
          "checksum": "d9218d1c3ce81d973a31d8b15fb1e54f"
        },
        {
          "type": "icon",
          "assetId": "ISk7J1ZEms5",
          "checksum": "750fb381e509f0932210de89c2a1dbac"
        },
        {
          "type": "icon",
          "assetId": "-xDb8fKqBYH",
          "checksum": "f675149315ab634b5d902d1cd01ed455"
        },
        {
          "type": "icon",
          "assetId": "DzqyvHh9hmS",
          "checksum": "3a047efb205938bdd6eb59b870a37485"
        },
        {
          "type": "icon",
          "assetId": "fAmMWU690ru",
          "checksum": "2691cd238116b6d1bbc04faf223550ae"
        },
        {
          "type": "icon",
          "assetId": "FxVkCwo2o-9",
          "checksum": "0d91c7ad5c6fce0bdb78f3b853e2736e"
        },
        {
          "type": "icon",
          "assetId": "4RYjsRgFA0D",
          "checksum": "30cd54f49477060eda4a1d8bd2b80105"
        },
        {
          "type": "icon",
          "assetId": "krBYBGnuI7M",
          "checksum": "14227741b49c59855af37aa912903033"
        },
        {
          "type": "icon",
          "assetId": "TUucQzfwsSD",
          "checksum": "8456e132c9178ac171bcb7f7bc7c29b3"
        },
        {
          "type": "icon",
          "assetId": "4dmmYkUIT3L",
          "checksum": "9c1e290726be76475e77b863a9279529"
        },
        {
          "type": "icon",
          "assetId": "_vIMMB5-4",
          "checksum": "eb3393b6a8e2aa4ee1a36b3de66e6a18"
        },
        {
          "type": "icon",
          "assetId": "AI_-VTX92M",
          "checksum": "6ed0079779639a9b44e7001718d4a1e0"
        },
        {
          "type": "icon",
          "assetId": "YC0SEe5Fs",
          "checksum": "2c0764bfff7688ed373281ab9e50a167"
        },
        {
          "type": "icon",
          "assetId": "5sKiHVAP5w",
          "checksum": "8eb42b6b075d9dd1658ddb73c99a4b98"
        },
        {
          "type": "icon",
          "assetId": "O2uVwEpw6T",
          "checksum": "2f849bdae298a641b2232b9ffed46438"
        },
        {
          "type": "icon",
          "assetId": "F4m3gz-3un",
          "checksum": "5939d24d0ddd5dbde156781dc1a445e2"
        },
        {
          "type": "icon",
          "assetId": "DkmZYFSkDH",
          "checksum": "44de92abb2dce8f051899621f0f6beee"
        },
        {
          "type": "icon",
          "assetId": "aa16QWTue",
          "checksum": "1179662efaf29f0147671fc43ea07b48"
        },
        {
          "type": "icon",
          "assetId": "Mgsooamc2m",
          "checksum": "050f61f95a9a06b0b53df07333b16f80"
        },
        {
          "type": "icon",
          "assetId": "Qd0HtMWJoC",
          "checksum": "7170151ea82743fb0f2293cea29d3794"
        },
        {
          "type": "icon",
          "assetId": "MTN5rfULbW",
          "checksum": "0adc465cd278f8b059cc05e3654bdccb"
        },
        {
          "type": "icon",
          "assetId": "jm6MdHig87",
          "checksum": "fca583369216bd01f376db073a9f66f8"
        },
        {
          "type": "icon",
          "assetId": "EWVxqM5hq7",
          "checksum": "24a8541a0a6aeeebf269e7cf99c5a468"
        },
        {
          "type": "icon",
          "assetId": "LWD6uGxiaP",
          "checksum": "4158ffd794cf24ed0aedae70e1a4bb6a"
        },
        {
          "type": "icon",
          "assetId": "oaINC_mE27",
          "checksum": "ee7ca7bb3ce9c702def31b02f24e8ac7"
        },
        {
          "type": "icon",
          "assetId": "J51gYEzBJp",
          "checksum": "9235b3b968133d6b372fb768e4af1903"
        },
        {
          "type": "icon",
          "assetId": "qRioISSCsU",
          "checksum": "74d0535d8857094984fd886807268efc"
        },
        {
          "type": "icon",
          "assetId": "Gqat7s6WF_",
          "checksum": "5c7fbb6df48ffe64fbe65a2809c84e84"
        },
        {
          "type": "icon",
          "assetId": "CZHzv3uxaY",
          "checksum": "3b630d81baf4a83d67dfbe29b0b7b4fd"
        },
        {
          "type": "icon",
          "assetId": "2fk3Ex8lDn",
          "checksum": "27ceccf81e4d338bc80bc67f3fc340cd"
        },
        {
          "type": "icon",
          "assetId": "30eIxmHayh",
          "checksum": "dda397abd74fefaa06c2c7355f2dc1ec"
        },
        {
          "type": "icon",
          "assetId": "Cb_AezMncm",
          "checksum": "f6e084afbfde818aea4f53db5c9fcb66"
        },
        {
          "type": "icon",
          "assetId": "z1kTwBx_qd",
          "checksum": "a2fabcd42f520c29586c26472da9ddd0"
        },
        {
          "type": "icon",
          "assetId": "PrirbzmwPkI",
          "checksum": "73dac8194e4a458cf0f79d556fd5c7fb"
        },
        {
          "type": "icon",
          "assetId": "wqQxD5TEKa",
          "checksum": "fddffb03f0300e59dd6b7860582337b8"
        },
        {
          "type": "icon",
          "assetId": "yIURuz5zO",
          "checksum": "5c79481fb799a6343ed3452d8cff9cc9"
        },
        {
          "type": "icon",
          "assetId": "XOTEuvfOhY",
          "checksum": "90ec16c6b7e73e9a55b4b30ddceefe9d"
        },
        {
          "type": "icon",
          "assetId": "iRnEvPBgFj",
          "checksum": "7e4b27363a9f8d6062739fedb8086396"
        },
        {
          "type": "icon",
          "assetId": "-3qk7d9GbP",
          "checksum": "ba6f14f5dbc9d17ff145c716751c3e8f"
        },
        {
          "type": "icon",
          "assetId": "OWpkiYs2yD",
          "checksum": "4adf22f7ee36b141b42a4de525817d7b"
        },
        {
          "type": "icon",
          "assetId": "3vbGjVB6A",
          "checksum": "4bd61a25e35c30902b9a5ef86bf90022"
        },
        {
          "type": "icon",
          "assetId": "aTrjzZmDWk",
          "checksum": "f5c0ebfb5d0507a144df52d65d579631"
        },
        {
          "type": "icon",
          "assetId": "0LIbdLgn4B",
          "checksum": "0d8fd591d2bbd649327f12d53582c544"
        },
        {
          "type": "icon",
          "assetId": "vyhfKk_6sn",
          "checksum": "58c4d4ac4fb6506565d499bbc4be7101"
        },
        {
          "type": "icon",
          "assetId": "2N8d-cHocv",
          "checksum": "a950fc012588850d9f8a8750e883e884"
        },
        {
          "type": "icon",
          "assetId": "AtpdUmeMtw",
          "checksum": "eab62db8bfc115aaac23485af00f30c7"
        },
        {
          "type": "icon",
          "assetId": "yPwifg8wBT",
          "checksum": "6dc430199c9b37f11921577780a1ebeb"
        },
        {
          "type": "icon",
          "assetId": "SNZAq4f_OY",
          "checksum": "2887dcab86d6b1afd58871e8f19967b9"
        },
        {
          "type": "icon",
          "assetId": "9sKVQVMdBY",
          "checksum": "b289dce126388bcf5e48b8011c2d25f9"
        },
        {
          "type": "icon",
          "assetId": "wJuDmCE68s",
          "checksum": "be9ee2856bffff87c77ca2b43ef57aa1"
        },
        {
          "type": "icon",
          "assetId": "p21Kg5vrFJ",
          "checksum": "e05ba337bacac7b763e9086b63ed7797"
        },
        {
          "type": "icon",
          "assetId": "bzwPwpQQsv",
          "checksum": "fd88b2475fe677e402525ab815948651"
        },
        {
          "type": "icon",
          "assetId": "qdQm5if1O7",
          "checksum": "ceae04f4d9ae342e7711ef53840f0f5c"
        },
        {
          "type": "icon",
          "assetId": "SIkMuRA1UC",
          "checksum": "c634bf524571068adbaafe8eabf6bed3"
        },
        {
          "type": "icon",
          "assetId": "e4-BKCZ2Ik",
          "checksum": "1a2c3365e091c1647edaf97cba95bc83"
        },
        {
          "type": "icon",
          "assetId": "botL_L_Ye7",
          "checksum": "4f8a131d0fb827571217af215839354e"
        },
        {
          "type": "icon",
          "assetId": "ujOmus5I5D_",
          "checksum": "567408b4fae0bc6b540629dd0fc85ebe"
        },
        {
          "type": "icon",
          "assetId": "GK97Ke67yP7",
          "checksum": "3c3c0d9f763210f8c08a11ed922491fe"
        },
        {
          "type": "icon",
          "assetId": "rXEBmkReB5X",
          "checksum": "b4cc3ece7805a7ac651f7a6bf8e886c2"
        },
        {
          "type": "icon",
          "assetId": "W4bmMBRYuWk",
          "checksum": "401dc786f935bc2eca067a3f5d1f07ff"
        },
        {
          "type": "icon",
          "assetId": "8_CZKXeJEso",
          "checksum": "a6d9adc26f9d7d7bffa45eb34d1dba10"
        },
        {
          "type": "icon",
          "assetId": "4ErFrTw7apM",
          "checksum": "fc5fd883d802e72981e3dc2ae40c372a"
        },
        {
          "type": "icon",
          "assetId": "z1i3bHlvggV",
          "checksum": "78567abee989253f73cdbd127831c366"
        },
        {
          "type": "icon",
          "assetId": "4AbcgzgQxNe",
          "checksum": "d69acfca38b58b03ede56919ad19201e"
        },
        {
          "type": "icon",
          "assetId": "Q8LBGQweFkE",
          "checksum": "4b3bb0ab6ac737993d40f1c916a55128"
        },
        {
          "type": "icon",
          "assetId": "0SR9VslbT8J",
          "checksum": "00e6ab7a90ea91d8a1fcce9254544c1c"
        },
        {
          "type": "icon",
          "assetId": "oxNLcH01Mds",
          "checksum": "0f4a88371e0d03829543374b9d411a38"
        },
        {
          "type": "icon",
          "assetId": "Gh9zs45WC3S",
          "checksum": "3f04b6198d2551598bf3e6dabd7ea605"
        },
        {
          "type": "icon",
          "assetId": "oiSdMojwfa3",
          "checksum": "5e75484f6730334e070d61ee90983291"
        },
        {
          "type": "icon",
          "assetId": "6nICf5Cawvo",
          "checksum": "6750a9af60c7e615d0f320974a9d6d4c"
        },
        {
          "type": "image",
          "assetId": "ri3b_AUQz",
          "checksum": "53dfdc10a2883f99d949a221a8fcd975"
        },
        {
          "type": "image",
          "assetId": "qYyZP_EVbR",
          "checksum": "4c66a1005bdff958934b328df61068ae"
        },
        {
          "type": "image",
          "assetId": "OP6VXzDmOS",
          "checksum": "de49c8bd41cacfd13bd26274ae9b7a8a"
        },
        {
          "type": "image",
          "assetId": "N-fRsQL8Ae",
          "checksum": "7f571e04d6781fa6822bd3bd749b5625"
        },
        {
          "type": "image",
          "assetId": "1cE2OsFy-1",
          "checksum": "94ae844acfb18b91d97db1d6f7e2dcb9"
        },
        {
          "type": "image",
          "assetId": "0S5sPyUjcv",
          "checksum": "e4f4aaa7fb5785263bef2aa56bb67d55"
        },
        {
          "type": "image",
          "assetId": "LJYs4eTV8F",
          "checksum": "b71b7870c7eb77ae20792fe2aa551bca"
        },
        {
          "type": "image",
          "assetId": "GXDfnw3P00",
          "checksum": "e3ed2cc110b3747e1db07b6ad6a3ae7f"
        },
        {
          "type": "image",
          "assetId": "SnlqBZxj97",
          "checksum": "c8585824b58c6b5352f2b69f0e2eef66"
        },
        {
          "type": "image",
          "assetId": "C-vgQjOo0",
          "checksum": "130dfae04396e3227c023bc07783bdbb"
        },
        {
          "type": "image",
          "assetId": "oQNhhgmqlG",
          "checksum": "9d4cded90a5a365d66f0ef060779d339"
        },
        {
          "type": "image",
          "assetId": "sj_ajaAhwE",
          "checksum": "f765a568eb7e8ddddbbee45bf259c312"
        },
        {
          "type": "image",
          "assetId": "DTVFInFzmG",
          "checksum": "415845d4e71d9fe8c8e0d6f0edd6d259"
        },
        {
          "type": "image",
          "assetId": "O_c-VH8tPT",
          "checksum": "e2740ec6592369fc5e50b1dae04449ad"
        },
        {
          "type": "image",
          "assetId": "pukwy3dQks",
          "checksum": "db96adef3a9e581e9c94b3b42533943c"
        },
        {
          "type": "image",
          "assetId": "oUlLd7jq-0",
          "checksum": "13e4ab1c5c5f0493395aa4fc8c98a451"
        },
        {
          "type": "image",
          "assetId": "OyZCKIra7c",
          "checksum": "784b576c99942389394acd7dbaeee2ff"
        },
        {
          "type": "image",
          "assetId": "hypUVmx7f",
          "checksum": "7ef1700b6f93ad3a8dd5b620a9a2f748"
        },
        {
          "type": "image",
          "assetId": "3toW7HpsuG",
          "checksum": "88e6d23f143f19a4c508f9db4d28e2dc"
        },
        {
          "type": "image",
          "assetId": "zaNvdxaVo",
          "checksum": "1c500c30b56d66447577f14e0a6dd6c9"
        },
        {
          "type": "image",
          "assetId": "8P_nlg9-y",
          "checksum": "48c5e103bcb4bd67e1608b63fe3a568e"
        },
        {
          "type": "image",
          "assetId": "N2b_ExRsS2",
          "checksum": "9f00e2adca0c043dd127635196f0bddc"
        }
      ],
      "codegenVersion": "0.0.1"
    }
  ],
  "cliVersion": "0.1.284"
}
